
Microsoft Visual Studio Solution File, Format Version 12.00
# Visual Studio 15
VisualStudioVersion = 15.0.28010.2041
MinimumVisualStudioVersion = 10.0.40219.1
Project("{FAE04EC0-301F-11D3-BF4B-00C04F79EFBC}") = "RazorInterfaces", "RazorInterfaces\RazorInterfaces.csproj", "{23C738E8-FD47-4671-9F2F-50CA69BB232F}"
EndProject
Global
	GlobalSection(SolutionConfigurationPlatforms) = preSolution
		Debug|Any CPU = Debug|Any CPU
		Release|Any CPU = Release|Any CPU
	EndGlobalSection
	GlobalSection(ProjectConfigurationPlatforms) = postSolution
		{23C738E8-FD47-4671-9F2F-50CA69BB232F}.Debug|Any CPU.ActiveCfg = Debug|Any CPU
		{23C738E8-FD47-4671-9F2F-50CA69BB232F}.Debug|Any CPU.Build.0 = Debug|Any CPU
		{23C738E8-FD47-4671-9F2F-50CA69BB232F}.Release|Any CPU.ActiveCfg = Release|Any CPU
		{23C738E8-FD47-4671-9F2F-50CA69BB232F}.Release|Any CPU.Build.0 = Release|Any CPU
	EndGlobalSection
	GlobalSection(SolutionProperties) = preSolution
		HideSolutionNode = FALSE
	EndGlobalSection
	GlobalSection(ExtensibilityGlobals) = postSolution
		SolutionGuid = {F3C103D2-5171-4135-A01F-24D041039DF2}
	EndGlobalSection
EndGlobal
